Microsoft Visual Studio Solution File, Format Version 11.00
# Visual Studio 2008

Project("{086A98E1-1800-490F-F4AB-3FEFF47BA6F3}") = "Group Project 03 2", "Assembly-CSharp.csproj", "{8FB9136A-90EB-56E1-A53F-EB55E97CD5C7}"
EndProject
Global
	GlobalSection(SolutionConfigurationPlatforms) = preSolution
		Debug|Any CPU = Debug|Any CPU
		Release|Any CPU = Release|Any CPU
	EndGlobalSection
	GlobalSection(ProjectConfigurationPlatforms) = postSolution
		{8FB9136A-90EB-56E1-A53F-EB55E97CD5C7}.Debug|Any CPU.ActiveCfg = Debug|Any CPU
		{8FB9136A-90EB-56E1-A53F-EB55E97CD5C7}.Debug|Any CPU.Build.0 = Debug|Any CPU
		{8FB9136A-90EB-56E1-A53F-EB55E97CD5C7}.Release|Any CPU.ActiveCfg = Release|Any CPU
		{8FB9136A-90EB-56E1-A53F-EB55E97CD5C7}.Release|Any CPU.Build.0 = Release|Any CPU
	EndGlobalSection
	GlobalSection(SolutionProperties) = preSolution
		HideSolutionNode = FALSE
	EndGlobalSection
	GlobalSection(MonoDevelopProperties) = preSolution
		StartupItem = Assembly-CSharp.csproj
	EndGlobalSection
EndGlobal
